{
  "nodes": {
    "nixpkgs": {
      "locked": {
<<<<<<< Updated upstream
        "lastModified": 1743923801,
        "narHash": "sha256-zr1mxaN97qV0jr5iPpAPxHt1ETMGYAywRYhl2CH/nt8=",
        "owner": "NixOS",
        "repo": "nixpkgs",
        "rev": "7eebbbb3b43dd8811a3614e3c822bf20db9b3dff",
=======
        "lastModified": 1742886575,
        "narHash": "sha256-aHoGiirSUIXbNgS7i4BajMmr3KCGGr5tDdMQuL626mM=",
        "owner": "NixOS",
        "repo": "nixpkgs",
        "rev": "e0cdd6b4b039bb1c3a23c6b970d43e0d8020805c",
>>>>>>> Stashed changes
        "type": "github"
      },
      "original": {
        "owner": "NixOS",
        "repo": "nixpkgs",
        "type": "github"
      }
    },
    "root": {
      "inputs": {
        "nixpkgs": "nixpkgs"
      }
    }
  },
  "root": "root",
  "version": 7
}
